
Microsoft Visual Studio Solution File, Format Version 12.00
# Visual Studio Version 17
VisualStudioVersion = 17.11.35312.102
MinimumVisualStudioVersion = 10.0.40219.1
Project("{FAE04EC0-301F-11D3-BF4B-00C04F79EFBC}") = "CRUD_SegurosMVC", "CRUD_SegurosMVC\CRUD_SegurosMVC.csproj", "{5DB263FA-88EE-42F0-8BCA-A4124984058E}"
EndProject
Global
	GlobalSection(SolutionConfigurationPlatforms) = preSolution
		Debug|Any CPU = Debug|Any CPU
		Release|Any CPU = Release|Any CPU
	EndGlobalSection
	GlobalSection(ProjectConfigurationPlatforms) = postSolution
		{5DB263FA-88EE-42F0-8BCA-A4124984058E}.Debug|Any CPU.ActiveCfg = Debug|Any CPU
		{5DB263FA-88EE-42F0-8BCA-A4124984058E}.Debug|Any CPU.Build.0 = Debug|Any CPU
		{5DB263FA-88EE-42F0-8BCA-A4124984058E}.Release|Any CPU.ActiveCfg = Release|Any CPU
		{5DB263FA-88EE-42F0-8BCA-A4124984058E}.Release|Any CPU.Build.0 = Release|Any CPU
	EndGlobalSection
	GlobalSection(SolutionProperties) = preSolution
		HideSolutionNode = FALSE
	EndGlobalSection
	GlobalSection(ExtensibilityGlobals) = postSolution
		SolutionGuid = {1C23CF30-E397-4E90-95FD-7D82AE1C1E07}
	EndGlobalSection
EndGlobal
